[[package]]
category = "main"
description = "A python module for the Open Glider Network"
name = "ogn-client"
optional = false
python-versions = ">=3"
version = "0.9.7"

[package.extras]
dev = ["nose (1.3.7)", "coveralls (2.0.0)", "flake8 (3.8.1)"]

[metadata]
content-hash = "7f30e1dd03b27583335aeae41f8da208053b039a950f910eeab6eabb77f0219e"
python-versions = "^3.8"

[metadata.files]
ogn-client = [
    {file = "ogn-client-0.9.7.tar.gz", hash = "sha256:01067adb071020a0fe033f51e327fe61b0310bb1e95970aa0057ab8764b925c8"},
    {file = "ogn_client-0.9.7-py3-none-any.whl", hash = "sha256:0cb226267d96c5cad4eb71dd9b204002c585544bee20efc9dbd22911eaa82077"},
]
